// !$*UTF8*$!
{
	archiveVersion = 1;
	classes = {
	};
	objectVersion = 50;
	objects = {

/* Begin PBXBuildFile section */
		50DACAD3216E0278004CCC23 /* CustomHeaderTableViewCell.swift in Sources */ = {isa = PBXBuildFile; fileRef = 50DACAD1216E0278004CCC23 /* CustomHeaderTableViewCell.swift */; };
		50DACAD4216E0278004CCC23 /* CustomHeaderTableViewCell.xib in Resources */ = {isa = PBXBuildFile; fileRef = 50DACAD2216E0278004CCC23 /* CustomHeaderTableViewCell.xib */; };
		50DACAD6216E0292004CCC23 /* HeaderInfoStruct.swift in Sources */ = {isa = PBXBuildFile; fileRef = 50DACAD5216E0292004CCC23 /* HeaderInfoStruct.swift */; };
		50DACADD216E42B5004CCC23 /* CustomCollectionViewCell.swift in Sources */ = {isa = PBXBuildFile; fileRef = 50DACADB216E42B5004CCC23 /* CustomCollectionViewCell.swift */; };
		50DACADE216E42B5004CCC23 /* CustomCollectionViewCell.xib in Resources */ = {isa = PBXBuildFile; fileRef = 50DACADC216E42B5004CCC23 /* CustomCollectionViewCell.xib */; };
		50DACAE4216F7B56004CCC23 /* UserInfoViewController.swift in Sources */ = {isa = PBXBuildFile; fileRef = 50DACAE3216F7B56004CCC23 /* UserInfoViewController.swift */; };
		50DACAE72170A01C004CCC23 /* SetStatusViewController.swift in Sources */ = {isa = PBXBuildFile; fileRef = 50DACAE62170A01B004CCC23 /* SetStatusViewController.swift */; };
		50DACAEB2170D780004CCC23 /* HeaderCollectionViewInfo.swift in Sources */ = {isa = PBXBuildFile; fileRef = 50DACAEA2170D780004CCC23 /* HeaderCollectionViewInfo.swift */; };
		50E6A7122170EAEE0097C2C4 /* FeedViewController.swift in Sources */ = {isa = PBXBuildFile; fileRef = 50E6A7112170EAEE0097C2C4 /* FeedViewController.swift */; };
		50E6A71621714C0A0097C2C4 /* CustomHeaderFeedTableViewCell.swift in Sources */ = {isa = PBXBuildFile; fileRef = 50E6A71421714C0A0097C2C4 /* CustomHeaderFeedTableViewCell.swift */; };
		50E6A71721714C0A0097C2C4 /* CustomHeaderFeedTableViewCell.xib in Resources */ = {isa = PBXBuildFile; fileRef = 50E6A71521714C0A0097C2C4 /* CustomHeaderFeedTableViewCell.xib */; };
		50E6A7192171EC6F0097C2C4 /* DetailViewController.swift in Sources */ = {isa = PBXBuildFile; fileRef = 50E6A7182171EC6F0097C2C4 /* DetailViewController.swift */; };
		50FA3464216D42D6007CF88B /* AppDelegate.swift in Sources */ = {isa = PBXBuildFile; fileRef = 50FA3463216D42D6007CF88B /* AppDelegate.swift */; };
		50FA3466216D42D7007CF88B /* ViewController.swift in Sources */ = {isa = PBXBuildFile; fileRef = 50FA3465216D42D7007CF88B /* ViewController.swift */; };
		50FA3469216D42D7007CF88B /* Main.storyboard in Resources */ = {isa = PBXBuildFile; fileRef = 50FA3467216D42D7007CF88B /* Main.storyboard */; };
		50FA346B216D42D8007CF88B /* Assets.xcassets in Resources */ = {isa = PBXBuildFile; fileRef = 50FA346A216D42D8007CF88B /* Assets.xcassets */; };
		50FA346E216D42D8007CF88B /* LaunchScreen.storyboard in Resources */ = {isa = PBXBuildFile; fileRef = 50FA346C216D42D8007CF88B /* LaunchScreen.storyboard */; };
		50FA3476216D42EA007CF88B /* UIImageView.swift in Sources */ = {isa = PBXBuildFile; fileRef = 50FA3475216D42EA007CF88B /* UIImageView.swift */; };
		50FA3479216D4304007CF88B /* FeedStruct.swift in Sources */ = {isa = PBXBuildFile; fileRef = 50FA3478216D4304007CF88B /* FeedStruct.swift */; };
		50FA347D216D47E3007CF88B /* UserFeedTableViewCell.swift in Sources */ = {isa = PBXBuildFile; fileRef = 50FA347B216D47E3007CF88B /* UserFeedTableViewCell.swift */; };
		50FA347E216D47E3007CF88B /* UserFeedTableViewCell.xib in Resources */ = {isa = PBXBuildFile; fileRef = 50FA347C216D47E3007CF88B /* UserFeedTableViewCell.xib */; };
/* End PBXBuildFile section */

/* Begin PBXFileReference section */
		50DACAD1216E0278004CCC23 /* CustomHeaderTableViewCell.swift */ = {isa = PBXFileReference; lastKnownFileType = sourcecode.swift; path = CustomHeaderTableViewCell.swift; sourceTree = "<group>"; };
		50DACAD2216E0278004CCC23 /* CustomHeaderTableViewCell.xib */ = {isa = PBXFileReference; lastKnownFileType = file.xib; path = CustomHeaderTableViewCell.xib; sourceTree = "<group>"; };
		50DACAD5216E0292004CCC23 /* HeaderInfoStruct.swift */ = {isa = PBXFileReference; lastKnownFileType = sourcecode.swift; path = HeaderInfoStruct.swift; sourceTree = "<group>"; };
		50DACADB216E42B5004CCC23 /* CustomCollectionViewCell.swift */ = {isa = PBXFileReference; lastKnownFileType = sourcecode.swift; path = CustomCollectionViewCell.swift; sourceTree = "<group>"; };
		50DACADC216E42B5004CCC23 /* CustomCollectionViewCell.xib */ = {isa = PBXFileReference; lastKnownFileType = file.xib; path = CustomCollectionViewCell.xib; sourceTree = "<group>"; };
		50DACAE3216F7B56004CCC23 /* UserInfoViewController.swift */ = {isa = PBXFileReference; lastKnownFileType = sourcecode.swift; path = UserInfoViewController.swift; sourceTree = "<group>"; };
		50DACAE62170A01B004CCC23 /* SetStatusViewController.swift */ = {isa = PBXFileReference; lastKnownFileType = sourcecode.swift; path = SetStatusViewController.swift; sourceTree = "<group>"; };
		50DACAEA2170D780004CCC23 /* HeaderCollectionViewInfo.swift */ = {isa = PBXFileReference; lastKnownFileType = sourcecode.swift; path = HeaderCollectionViewInfo.swift; sourceTree = "<group>"; };
		50E6A7112170EAEE0097C2C4 /* FeedViewController.swift */ = {isa = PBXFileReference; lastKnownFileType = sourcecode.swift; path = FeedViewController.swift; sourceTree = "<group>"; };
		50E6A71421714C0A0097C2C4 /* CustomHeaderFeedTableViewCell.swift */ = {isa = PBXFileReference; lastKnownFileType = sourcecode.swift; path = CustomHeaderFeedTableViewCell.swift; sourceTree = "<group>"; };
		50E6A71521714C0A0097C2C4 /* CustomHeaderFeedTableViewCell.xib */ = {isa = PBXFileReference; lastKnownFileType = file.xib; path = CustomHeaderFeedTableViewCell.xib; sourceTree = "<group>"; };
		50E6A7182171EC6F0097C2C4 /* DetailViewController.swift */ = {isa = PBXFileReference; lastKnownFileType = sourcecode.swift; path = DetailViewController.swift; sourceTree = "<group>"; };
		50FA3460216D42D6007CF88B /* DynamicTableViewLesson4.app */ = {isa = PBXFileReference; explicitFileType = wrapper.application; includeInIndex = 0; path = DynamicTableViewLesson4.app; sourceTree = BUILT_PRODUCTS_DIR; };
		50FA3463216D42D6007CF88B /* AppDelegate.swift */ = {isa = PBXFileReference; lastKnownFileType = sourcecode.swift; path = AppDelegate.swift; sourceTree = "<group>"; };
		50FA3465216D42D7007CF88B /* ViewController.swift */ = {isa = PBXFileReference; lastKnownFileType = sourcecode.swift; path = ViewController.swift; sourceTree = "<group>"; };
		50FA3468216D42D7007CF88B /* Base */ = {isa = PBXFileReference; lastKnownFileType = file.storyboard; name = Base; path = Base.lproj/Main.storyboard; sourceTree = "<group>"; };
		50FA346A216D42D8007CF88B /* Assets.xcassets */ = {isa = PBXFileReference; lastKnownFileType = folder.assetcatalog; path = Assets.xcassets; sourceTree = "<group>"; };
		50FA346D216D42D8007CF88B /* Base */ = {isa = PBXFileReference; lastKnownFileType = file.storyboard; name = Base; path = Base.lproj/LaunchScreen.storyboard; sourceTree = "<group>"; };
		50FA346F216D42D8007CF88B /* Info.plist */ = {isa = PBXFileReference; lastKnownFileType = text.plist.xml; path = Info.plist; sourceTree = "<group>"; };
		50FA3475216D42EA007CF88B /* UIImageView.swift */ = {isa = PBXFileReference; lastKnownFileType = sourcecode.swift; path = UIImageView.swift; sourceTree = "<group>"; };
		50FA3478216D4304007CF88B /* FeedStruct.swift */ = {isa = PBXFileReference; lastKnownFileType = sourcecode.swift; path = FeedStruct.swift; sourceTree = "<group>"; };
		50FA347B216D47E3007CF88B /* UserFeedTableViewCell.swift */ = {isa = PBXFileReference; lastKnownFileType = sourcecode.swift; path = UserFeedTableViewCell.swift; sourceTree = "<group>"; };
		50FA347C216D47E3007CF88B /* UserFeedTableViewCell.xib */ = {isa = PBXFileReference; lastKnownFileType = file.xib; path = UserFeedTableViewCell.xib; sourceTree = "<group>"; };
/* End PBXFileReference section */

/* Begin PBXFrameworksBuildPhase section */
		50FA345D216D42D6007CF88B /* Frameworks */ = {
			isa = PBXFrameworksBuildPhase;
			buildActionMask = 2147483647;
			files = (
			);
			runOnlyForDeploymentPostprocessing = 0;
		};
/* End PBXFrameworksBuildPhase section */

/* Begin PBXGroup section */
		50DACACB216D87AC004CCC23 /* View */ = {
			isa = PBXGroup;
			children = (
				50E6A71321714BE00097C2C4 /* CustomHeaderForFeed */,
				50DACACC216D87B4004CCC23 /* CustomHeader */,
				50FA347A216D4311007CF88B /* CustomUserFeedCell */,
			);
			path = View;
			sourceTree = "<group>";
		};
		50DACACC216D87B4004CCC23 /* CustomHeader */ = {
			isa = PBXGroup;
			children = (
				50DACAD1216E0278004CCC23 /* CustomHeaderTableViewCell.swift */,
				50DACAD2216E0278004CCC23 /* CustomHeaderTableViewCell.xib */,
				50DACADB216E42B5004CCC23 /* CustomCollectionViewCell.swift */,
				50DACADC216E42B5004CCC23 /* CustomCollectionViewCell.xib */,
			);
			path = CustomHeader;
			sourceTree = "<group>";
		};
		50DACAE5216FF765004CCC23 /* Controller */ = {
			isa = PBXGroup;
			children = (
				50FA3465216D42D7007CF88B /* ViewController.swift */,
				50DACAE3216F7B56004CCC23 /* UserInfoViewController.swift */,
				50DACAE62170A01B004CCC23 /* SetStatusViewController.swift */,
				50E6A7112170EAEE0097C2C4 /* FeedViewController.swift */,
				50E6A7182171EC6F0097C2C4 /* DetailViewController.swift */,
			);
			path = Controller;
			sourceTree = "<group>";
		};
		50E6A71321714BE00097C2C4 /* CustomHeaderForFeed */ = {
			isa = PBXGroup;
			children = (
				50E6A71421714C0A0097C2C4 /* CustomHeaderFeedTableViewCell.swift */,
				50E6A71521714C0A0097C2C4 /* CustomHeaderFeedTableViewCell.xib */,
			);
			path = CustomHeaderForFeed;
			sourceTree = "<group>";
		};
		50FA3457216D42D6007CF88B = {
			isa = PBXGroup;
			children = (
				50FA3462216D42D6007CF88B /* DynamicTableViewLesson4 */,
				50FA3461216D42D6007CF88B /* Products */,
			);
			sourceTree = "<group>";
		};
		50FA3461216D42D6007CF88B /* Products */ = {
			isa = PBXGroup;
			children = (
				50FA3460216D42D6007CF88B /* DynamicTableViewLesson4.app */,
			);
			name = Products;
			sourceTree = "<group>";
		};
		50FA3462216D42D6007CF88B /* DynamicTableViewLesson4 */ = {
			isa = PBXGroup;
			children = (
				50FA3463216D42D6007CF88B /* AppDelegate.swift */,
				50FA3475216D42EA007CF88B /* UIImageView.swift */,
				50DACAE5216FF765004CCC23 /* Controller */,
				50DACACB216D87AC004CCC23 /* View */,
				50FA3477216D42F6007CF88B /* Model */,
				50FA3467216D42D7007CF88B /* Main.storyboard */,
				50FA346A216D42D8007CF88B /* Assets.xcassets */,
				50FA346C216D42D8007CF88B /* LaunchScreen.storyboard */,
				50FA346F216D42D8007CF88B /* Info.plist */,
			);
			path = DynamicTableViewLesson4;
			sourceTree = "<group>";
		};
		50FA3477216D42F6007CF88B /* Model */ = {
			isa = PBXGroup;
			children = (
				50FA3478216D4304007CF88B /* FeedStruct.swift */,
				50DACAD5216E0292004CCC23 /* HeaderInfoStruct.swift */,
				50DACAEA2170D780004CCC23 /* HeaderCollectionViewInfo.swift */,
			);
			path = Model;
			sourceTree = "<group>";
		};
		50FA347A216D4311007CF88B /* CustomUserFeedCell */ = {
			isa = PBXGroup;
			children = (
				50FA347B216D47E3007CF88B /* UserFeedTableViewCell.swift */,
				50FA347C216D47E3007CF88B /* UserFeedTableViewCell.xib */,
			);
			path = CustomUserFeedCell;
			sourceTree = "<group>";
		};
/* End PBXGroup section */

/* Begin PBXNativeTarget section */
		50FA345F216D42D6007CF88B /* DynamicTableViewLesson4 */ = {
			isa = PBXNativeTarget;
			buildConfigurationList = 50FA3472216D42D8007CF88B /* Build configuration list for PBXNativeTarget "DynamicTableViewLesson4" */;
			buildPhases = (
				50FA345C216D42D6007CF88B /* Sources */,
				50FA345D216D42D6007CF88B /* Frameworks */,
				50FA345E216D42D6007CF88B /* Resources */,
			);
			buildRules = (
			);
			dependencies = (
			);
			name = DynamicTableViewLesson4;
			productName = DynamicTableViewLesson4;
			productReference = 50FA3460216D42D6007CF88B /* DynamicTableViewLesson4.app */;
			productType = "com.apple.product-type.application";
		};
/* End PBXNativeTarget section */

/* Begin PBXProject section */
		50FA3458216D42D6007CF88B /* Project object */ = {
			isa = PBXProject;
			attributes = {
				LastSwiftUpdateCheck = 0940;
				LastUpgradeCheck = 0940;
				ORGANIZATIONNAME = "Ришат Якушев";
				TargetAttributes = {
					50FA345F216D42D6007CF88B = {
						CreatedOnToolsVersion = 9.4.1;
					};
				};
			};
			buildConfigurationList = 50FA345B216D42D6007CF88B /* Build configuration list for PBXProject "DynamicTableViewLesson4" */;
			compatibilityVersion = "Xcode 9.3";
			developmentRegion = en;
			hasScannedForEncodings = 0;
			knownRegions = (
				en,
				Base,
			);
			mainGroup = 50FA3457216D42D6007CF88B;
			productRefGroup = 50FA3461216D42D6007CF88B /* Products */;
			projectDirPath = "";
			projectRoot = "";
			targets = (
				50FA345F216D42D6007CF88B /* DynamicTableViewLesson4 */,
			);
		};
/* End PBXProject section */

/* Begin PBXResourcesBuildPhase section */
		50FA345E216D42D6007CF88B /* Resources */ = {
			isa = PBXResourcesBuildPhase;
			buildActionMask = 2147483647;
			files = (
				50FA347E216D47E3007CF88B /* UserFeedTableViewCell.xib in Resources */,
				50FA346E216D42D8007CF88B /* LaunchScreen.storyboard in Resources */,
				50DACAD4216E0278004CCC23 /* CustomHeaderTableViewCell.xib in Resources */,
				50FA346B216D42D8007CF88B /* Assets.xcassets in Resources */,
				50FA3469216D42D7007CF88B /* Main.storyboard in Resources */,
				50DACADE216E42B5004CCC23 /* CustomCollectionViewCell.xib in Resources */,
				50E6A71721714C0A0097C2C4 /* CustomHeaderFeedTableViewCell.xib in Resources */,
			);
			runOnlyForDeploymentPostprocessing = 0;
		};
/* End PBXResourcesBuildPhase section */

/* Begin PBXSourcesBuildPhase section */
		50FA345C216D42D6007CF88B /* Sources */ = {
			isa = PBXSourcesBuildPhase;
			buildActionMask = 2147483647;
			files = (
				50FA3479216D4304007CF88B /* FeedStruct.swift in Sources */,
				50DACADD216E42B5004CCC23 /* CustomCollectionViewCell.swift in Sources */,
				50FA3466216D42D7007CF88B /* ViewController.swift in Sources */,
				50DACAD3216E0278004CCC23 /* CustomHeaderTableViewCell.swift in Sources */,
				50FA3476216D42EA007CF88B /* UIImageView.swift in Sources */,
				50DACAD6216E0292004CCC23 /* HeaderInfoStruct.swift in Sources */,
				50DACAEB2170D780004CCC23 /* HeaderCollectionViewInfo.swift in Sources */,
				50DACAE72170A01C004CCC23 /* SetStatusViewController.swift in Sources */,
				50DACAE4216F7B56004CCC23 /* UserInfoViewController.swift in Sources */,
				50E6A71621714C0A0097C2C4 /* CustomHeaderFeedTableViewCell.swift in Sources */,
				50FA347D216D47E3007CF88B /* UserFeedTableViewCell.swift in Sources */,
				50FA3464216D42D6007CF88B /* AppDelegate.swift in Sources */,
				50E6A7122170EAEE0097C2C4 /* FeedViewController.swift in Sources */,
				50E6A7192171EC6F0097C2C4 /* DetailViewController.swift in Sources */,
			);
			runOnlyForDeploymentPostprocessing = 0;
		};
/* End PBXSourcesBuildPhase section */

/* Begin PBXVariantGroup section */
		50FA3467216D42D7007CF88B /* Main.storyboard */ = {
			isa = PBXVariantGroup;
			children = (
				50FA3468216D42D7007CF88B /* Base */,
			);
			name = Main.storyboard;
			sourceTree = "<group>";
		};
		50FA346C216D42D8007CF88B /* LaunchScreen.storyboard */ = {
			isa = PBXVariantGroup;
			children = (
				50FA346D216D42D8007CF88B /* Base */,
			);
			name = LaunchScreen.storyboard;
			sourceTree = "<group>";
		};
/* End PBXVariantGroup section */

/* Begin XCBuildConfiguration section */
		50FA3470216D42D8007CF88B /* Debug */ = {
			isa = XCBuildConfiguration;
			buildSettings = {
				ALWAYS_SEARCH_USER_PATHS = NO;
				CLANG_ANALYZER_NONNULL = YES;
				CLANG_ANALYZER_NUMBER_OBJECT_CONVERSION = YES_AGGRESSIVE;
				CLANG_CXX_LANGUAGE_STANDARD = "gnu++14";
				CLANG_CXX_LIBRARY = "libc++";
				CLANG_ENABLE_MODULES = YES;
				CLANG_ENABLE_OBJC_ARC = YES;
				CLANG_ENABLE_OBJC_WEAK = YES;
				CLANG_WARN_BLOCK_CAPTURE_AUTORELEASING = YES;
				CLANG_WARN_BOOL_CONVERSION = YES;
				CLANG_WARN_COMMA = YES;
				CLANG_WARN_CONSTANT_CONVERSION = YES;
				CLANG_WARN_DEPRECATED_OBJC_IMPLEMENTATIONS = YES;
				CLANG_WARN_DIRECT_OBJC_ISA_USAGE = YES_ERROR;
				CLANG_WARN_DOCUMENTATION_COMMENTS = YES;
				CLANG_WARN_EMPTY_BODY = YES;
				CLANG_WARN_ENUM_CONVERSION = YES;
				CLANG_WARN_INFINITE_RECURSION = YES;
				CLANG_WARN_INT_CONVERSION = YES;
				CLANG_WARN_NON_LITERAL_NULL_CONVERSION = YES;
				CLANG_WARN_OBJC_IMPLICIT_RETAIN_SELF = YES;
				CLANG_WARN_OBJC_LITERAL_CONVERSION = YES;
				CLANG_WARN_OBJC_ROOT_CLASS = YES_ERROR;
				CLANG_WARN_RANGE_LOOP_ANALYSIS = YES;
				CLANG_WARN_STRICT_PROTOTYPES = YES;
				CLANG_WARN_SUSPICIOUS_MOVE = YES;
				CLANG_WARN_UNGUARDED_AVAILABILITY = YES_AGGRESSIVE;
				CLANG_WARN_UNREACHABLE_CODE = YES;
				CLANG_WARN__DUPLICATE_METHOD_MATCH = YES;
				CODE_SIGN_IDENTITY = "iPhone Developer";
				COPY_PHASE_STRIP = NO;
				DEBUG_INFORMATION_FORMAT = dwarf;
				ENABLE_STRICT_OBJC_MSGSEND = YES;
				ENABLE_TESTABILITY = YES;
				GCC_C_LANGUAGE_STANDARD = gnu11;
				GCC_DYNAMIC_NO_PIC = NO;
				GCC_NO_COMMON_BLOCKS = YES;
				GCC_OPTIMIZATION_LEVEL = 0;
				GCC_PREPROCESSOR_DEFINITIONS = (
					"DEBUG=1",
					"$(inherited)",
				);
				GCC_WARN_64_TO_32_BIT_CONVERSION = YES;
				GCC_WARN_ABOUT_RETURN_TYPE = YES_ERROR;
				GCC_WARN_UNDECLARED_SELECTOR = YES;
				GCC_WARN_UNINITIALIZED_AUTOS = YES_AGGRESSIVE;
				GCC_WARN_UNUSED_FUNCTION = YES;
				GCC_WARN_UNUSED_VARIABLE = YES;
				IPHONEOS_DEPLOYMENT_TARGET = 11.4;
				MTL_ENABLE_DEBUG_INFO = YES;
				ONLY_ACTIVE_ARCH = YES;
				SDKROOT = iphoneos;
				SWIFT_ACTIVE_COMPILATION_CONDITIONS = DEBUG;
				SWIFT_OPTIMIZATION_LEVEL = "-Onone";
			};
			name = Debug;
		};
		50FA3471216D42D8007CF88B /* Release */ = {
			isa = XCBuildConfiguration;
			buildSettings = {
				ALWAYS_SEARCH_USER_PATHS = NO;
				CLANG_ANALYZER_NONNULL = YES;
				CLANG_ANALYZER_NUMBER_OBJECT_CONVERSION = YES_AGGRESSIVE;
				CLANG_CXX_LANGUAGE_STANDARD = "gnu++14";
				CLANG_CXX_LIBRARY = "libc++";
				CLANG_ENABLE_MODULES = YES;
				CLANG_ENABLE_OBJC_ARC = YES;
				CLANG_ENABLE_OBJC_WEAK = YES;
				CLANG_WARN_BLOCK_CAPTURE_AUTORELEASING = YES;
				CLANG_WARN_BOOL_CONVERSION = YES;
				CLANG_WARN_COMMA = YES;
				CLANG_WARN_CONSTANT_CONVERSION = YES;
				CLANG_WARN_DEPRECATED_OBJC_IMPLEMENTATIONS = YES;
				CLANG_WARN_DIRECT_OBJC_ISA_USAGE = YES_ERROR;
				CLANG_WARN_DOCUMENTATION_COMMENTS = YES;
				CLANG_WARN_EMPTY_BODY = YES;
				CLANG_WARN_ENUM_CONVERSION = YES;
				CLANG_WARN_INFINITE_RECURSION = YES;
				CLANG_WARN_INT_CONVERSION = YES;
				CLANG_WARN_NON_LITERAL_NULL_CONVERSION = YES;
				CLANG_WARN_OBJC_IMPLICIT_RETAIN_SELF = YES;
				CLANG_WARN_OBJC_LITERAL_CONVERSION = YES;
				CLANG_WARN_OBJC_ROOT_CLASS = YES_ERROR;
				CLANG_WARN_RANGE_LOOP_ANALYSIS = YES;
				CLANG_WARN_STRICT_PROTOTYPES = YES;
				CLANG_WARN_SUSPICIOUS_MOVE = YES;
				CLANG_WARN_UNGUARDED_AVAILABILITY = YES_AGGRESSIVE;
				CLANG_WARN_UNREACHABLE_CODE = YES;
				CLANG_WARN__DUPLICATE_METHOD_MATCH = YES;
				CODE_SIGN_IDENTITY = "iPhone Developer";
				COPY_PHASE_STRIP = NO;
				DEBUG_INFORMATION_FORMAT = "dwarf-with-dsym";
				ENABLE_NS_ASSERTIONS = NO;
				ENABLE_STRICT_OBJC_MSGSEND = YES;
				GCC_C_LANGUAGE_STANDARD = gnu11;
				GCC_NO_COMMON_BLOCKS = YES;
				GCC_WARN_64_TO_32_BIT_CONVERSION = YES;
				GCC_WARN_ABOUT_RETURN_TYPE = YES_ERROR;
				GCC_WARN_UNDECLARED_SELECTOR = YES;
				GCC_WARN_UNINITIALIZED_AUTOS = YES_AGGRESSIVE;
				GCC_WARN_UNUSED_FUNCTION = YES;
				GCC_WARN_UNUSED_VARIABLE = YES;
				IPHONEOS_DEPLOYMENT_TARGET = 11.4;
				MTL_ENABLE_DEBUG_INFO = NO;
				SDKROOT = iphoneos;
				SWIFT_COMPILATION_MODE = wholemodule;
				SWIFT_OPTIMIZATION_LEVEL = "-O";
				VALIDATE_PRODUCT = YES;
			};
			name = Release;
		};
		50FA3473216D42D8007CF88B /* Debug */ = {
			isa = XCBuildConfiguration;
			buildSettings = {
				ASSETCATALOG_COMPILER_APPICON_NAME = AppIcon;
				CODE_SIGN_STYLE = Automatic;
				DEVELOPMENT_TEAM = QVX8LQBD25;
				INFOPLIST_FILE = DynamicTableViewLesson4/Info.plist;
				LD_RUNPATH_SEARCH_PATHS = (
					"$(inherited)",
					"@executable_path/Frameworks",
				);
				PRODUCT_BUNDLE_IDENTIFIER = Yakushev.DynamicTableViewLesson4;
				PRODUCT_NAME = "$(TARGET_NAME)";
				SWIFT_VERSION = 4.0;
				TARGETED_DEVICE_FAMILY = "1,2";
			};
			name = Debug;
		};
		50FA3474216D42D8007CF88B /* Release */ = {
			isa = XCBuildConfiguration;
			buildSettings = {
				ASSETCATALOG_COMPILER_APPICON_NAME = AppIcon;
				CODE_SIGN_STYLE = Automatic;
				DEVELOPMENT_TEAM = QVX8LQBD25;
				INFOPLIST_FILE = DynamicTableViewLesson4/Info.plist;
				LD_RUNPATH_SEARCH_PATHS = (
					"$(inherited)",
					"@executable_path/Frameworks",
				);
				PRODUCT_BUNDLE_IDENTIFIER = Yakushev.DynamicTableViewLesson4;
				PRODUCT_NAME = "$(TARGET_NAME)";
				SWIFT_VERSION = 4.0;
				TARGETED_DEVICE_FAMILY = "1,2";
			};
			name = Release;
		};
/* End XCBuildConfiguration section */

/* Begin XCConfigurationList section */
		50FA345B216D42D6007CF88B /* Build configuration list for PBXProject "DynamicTableViewLesson4" */ = {
			isa = XCConfigurationList;
			buildConfigurations = (
				50FA3470216D42D8007CF88B /* Debug */,
				50FA3471216D42D8007CF88B /* Release */,
			);
			defaultConfigurationIsVisible = 0;
			defaultConfigurationName = Release;
		};
		50FA3472216D42D8007CF88B /* Build configuration list for PBXNativeTarget "DynamicTableViewLesson4" */ = {
			isa = XCConfigurationList;
			buildConfigurations = (
				50FA3473216D42D8007CF88B /* Debug */,
				50FA3474216D42D8007CF88B /* Release */,
			);
			defaultConfigurationIsVisible = 0;
			defaultConfigurationName = Release;
		};
/* End XCConfigurationList section */
	};
	rootObject = 50FA3458216D42D6007CF88B /* Project object */;
}
